
Microsoft Visual Studio Solution File, Format Version 12.00
# Visual Studio Version 16
VisualStudioVersion = 16.0.31205.134
MinimumVisualStudioVersion = 10.0.40219.1
Project("{FAE04EC0-301F-11D3-BF4B-00C04F79EFBC}") = "Proteus_test2", "Proteus_test2\Proteus_test2.csproj", "{E8661DCC-FA0B-4056-9BEE-D1708317708B}"
EndProject
Global
	GlobalSection(SolutionConfigurationPlatforms) = preSolution
		Debug|Any CPU = Debug|Any CPU
		Release|Any CPU = Release|Any CPU
	EndGlobalSection
	GlobalSection(ProjectConfigurationPlatforms) = postSolution
		{E8661DCC-FA0B-4056-9BEE-D1708317708B}.Debug|Any CPU.ActiveCfg = Debug|Any CPU
		{E8661DCC-FA0B-4056-9BEE-D1708317708B}.Debug|Any CPU.Build.0 = Debug|Any CPU
		{E8661DCC-FA0B-4056-9BEE-D1708317708B}.Release|Any CPU.ActiveCfg = Release|Any CPU
		{E8661DCC-FA0B-4056-9BEE-D1708317708B}.Release|Any CPU.Build.0 = Release|Any CPU
	EndGlobalSection
	GlobalSection(SolutionProperties) = preSolution
		HideSolutionNode = FALSE
	EndGlobalSection
	GlobalSection(ExtensibilityGlobals) = postSolution
		SolutionGuid = {64C6353F-E4C6-4C2D-B248-53434150938A}
	EndGlobalSection
EndGlobal
